Microsoft Visual Studio Solution File, Format Version 11.00
# Visual Studio 2008

Project("{935BCB8F-4D68-36A3-EDF2-127937E8FA0E}") = "Organ Model 2.1", "Assembly-CSharp.csproj", "{84B0AB8B-9685-17C7-1473-9EA7D8229BDE}"
EndProject
Project("{935BCB8F-4D68-36A3-EDF2-127937E8FA0E}") = "Organ Model 2.1", "Assembly-CSharp-Editor.csproj", "{B7C32BFE-0D85-A9FD-DFE3-B5BD4059DC86}"
EndProject
Global
	GlobalSection(SolutionConfigurationPlatforms) = preSolution
		Debug|Any CPU = Debug|Any CPU
		Release|Any CPU = Release|Any CPU
	EndGlobalSection
	GlobalSection(ProjectConfigurationPlatforms) = postSolution
		{84B0AB8B-9685-17C7-1473-9EA7D8229BDE}.Debug|Any CPU.ActiveCfg = Debug|Any CPU
		{84B0AB8B-9685-17C7-1473-9EA7D8229BDE}.Debug|Any CPU.Build.0 = Debug|Any CPU
		{84B0AB8B-9685-17C7-1473-9EA7D8229BDE}.Release|Any CPU.ActiveCfg = Release|Any CPU
		{84B0AB8B-9685-17C7-1473-9EA7D8229BDE}.Release|Any CPU.Build.0 = Release|Any CPU
		{B7C32BFE-0D85-A9FD-DFE3-B5BD4059DC86}.Debug|Any CPU.ActiveCfg = Debug|Any CPU
		{B7C32BFE-0D85-A9FD-DFE3-B5BD4059DC86}.Debug|Any CPU.Build.0 = Debug|Any CPU
		{B7C32BFE-0D85-A9FD-DFE3-B5BD4059DC86}.Release|Any CPU.ActiveCfg = Release|Any CPU
		{B7C32BFE-0D85-A9FD-DFE3-B5BD4059DC86}.Release|Any CPU.Build.0 = Release|Any CPU
	EndGlobalSection
	GlobalSection(SolutionProperties) = preSolution
		HideSolutionNode = FALSE
	EndGlobalSection
	GlobalSection(MonoDevelopProperties) = preSolution
		StartupItem = Assembly-CSharp.csproj
	EndGlobalSection
EndGlobal
