
Microsoft Visual Studio Solution File, Format Version 12.00
# Visual Studio 2015
Project("{FAE04EC0-301F-11D3-BF4B-00C04F79EFBC}") = "Organ Model 2.2.CSharp", "Organ Model 2.2.CSharp.csproj", "{AC52DAF5-5B34-DF4E-728A-58173B6B8573}"
EndProject
Project("{FAE04EC0-301F-11D3-BF4B-00C04F79EFBC}") = "Organ Model 2.2.CSharp.Editor", "Organ Model 2.2.CSharp.Editor.csproj", "{A7186A78-171D-3F16-166E-222106A018FF}"
EndProject
Global
	GlobalSection(SolutionConfigurationPlatforms) = preSolution
		Debug|Any CPU = Debug|Any CPU
		Release|Any CPU = Release|Any CPU
	EndGlobalSection
	GlobalSection(ProjectConfigurationPlatforms) = postSolution
		{AC52DAF5-5B34-DF4E-728A-58173B6B8573}.Debug|Any CPU.ActiveCfg = Debug|Any CPU
		{AC52DAF5-5B34-DF4E-728A-58173B6B8573}.Debug|Any CPU.Build.0 = Debug|Any CPU
		{AC52DAF5-5B34-DF4E-728A-58173B6B8573}.Release|Any CPU.ActiveCfg = Release|Any CPU
		{AC52DAF5-5B34-DF4E-728A-58173B6B8573}.Release|Any CPU.Build.0 = Release|Any CPU
		{A7186A78-171D-3F16-166E-222106A018FF}.Debug|Any CPU.ActiveCfg = Debug|Any CPU
		{A7186A78-171D-3F16-166E-222106A018FF}.Debug|Any CPU.Build.0 = Debug|Any CPU
		{A7186A78-171D-3F16-166E-222106A018FF}.Release|Any CPU.ActiveCfg = Release|Any CPU
		{A7186A78-171D-3F16-166E-222106A018FF}.Release|Any CPU.Build.0 = Release|Any CPU
	EndGlobalSection
	GlobalSection(SolutionProperties) = preSolution
		HideSolutionNode = FALSE
	EndGlobalSection
EndGlobal
